Microsoft Visual Studio Solution File, Format Version 12.00
# Visual Studio Version 17
VisualStudioVersion = 17.5.2.0
MinimumVisualStudioVersion = 10.0.40219.1
Project("{FAE04EC0-301F-11D3-BF4B-00C04F79EFBC}") = "Pedidos2025", "Pedidos2025.csproj", "{13C1B47B-5181-B62E-793E-643ADE2C51F0}"
EndProject
Global
	GlobalSection(SolutionConfigurationPlatforms) = preSolution
		Debug|Any CPU = Debug|Any CPU
		Release|Any CPU = Release|Any CPU
	EndGlobalSection
	GlobalSection(ProjectConfigurationPlatforms) = postSolution
		{13C1B47B-5181-B62E-793E-643ADE2C51F0}.Debug|Any CPU.ActiveCfg = Debug|Any CPU
		{13C1B47B-5181-B62E-793E-643ADE2C51F0}.Debug|Any CPU.Build.0 = Debug|Any CPU
		{13C1B47B-5181-B62E-793E-643ADE2C51F0}.Release|Any CPU.ActiveCfg = Release|Any CPU
		{13C1B47B-5181-B62E-793E-643ADE2C51F0}.Release|Any CPU.Build.0 = Release|Any CPU
	EndGlobalSection
	GlobalSection(SolutionProperties) = preSolution
		HideSolutionNode = FALSE
	EndGlobalSection
	GlobalSection(ExtensibilityGlobals) = postSolution
		SolutionGuid = {20A06228-5D4B-40B1-8C15-B0E2159EF75D}
	EndGlobalSection
EndGlobal
